
Microsoft Visual Studio Solution File, Format Version 12.00
# Visual Studio Version 16
VisualStudioVersion = 16.0.31112.23
MinimumVisualStudioVersion = 10.0.40219.1
Project("{9A19103F-16F7-4668-BE54-9A1E7A4F7556}") = "Bingo.Domain.Test", "Test\Bingo.Domain.Test.csproj", "{952AA750-1DB0-490E-BA03-B6D312EAB148}"
EndProject
Project("{9A19103F-16F7-4668-BE54-9A1E7A4F7556}") = "Bingo.Domain", "Bingo.Domaain\Bingo.Domain.csproj", "{4E8BE1A5-5E71-4646-A4BA-80B0BA72C448}"
EndProject
Project("{9A19103F-16F7-4668-BE54-9A1E7A4F7556}") = "WebSocket", "projAspAngular\WebSocket.csproj", "{5A0A0DE4-0450-4FA1-BF8A-3D7AA55687C4}"
EndProject
Project("{9A19103F-16F7-4668-BE54-9A1E7A4F7556}") = "Bingo.Application", "Application\Bingo.Application.csproj", "{03ADD2C5-C329-4E80-98B5-4E2F115E024A}"
EndProject
Project("{9A19103F-16F7-4668-BE54-9A1E7A4F7556}") = "Bingo.Infraestructura", "Bing.Infraestructura\Bingo.Infraestructura.csproj", "{FD9F5B59-5681-4010-997D-ECD37C9769BC}"
EndProject
Project("{9A19103F-16F7-4668-BE54-9A1E7A4F7556}") = "ConsoleUI", "ConsoleUI\ConsoleUI.csproj", "{A2E6653E-3148-4D1E-8E13-0F0B5958AF67}"
EndProject
Project("{9A19103F-16F7-4668-BE54-9A1E7A4F7556}") = "Bingo.Infraestructura.System", "Bingo.Infraestructura.System\Bingo.Infraestructura.System.csproj", "{EED354B9-9AD1-4635-87C7-EEFEBE1349B8}"
EndProject
Project("{FAE04EC0-301F-11D3-BF4B-00C04F79EFBC}") = "Bingo.Application.Test", "Bingo.Application.Test\Bingo.Application.Test.csproj", "{CA853020-4FAC-45B0-B1D3-AEC59DC0AFFB}"
EndProject
Global
	GlobalSection(SolutionConfigurationPlatforms) = preSolution
		Debug|Any CPU = Debug|Any CPU
		Release|Any CPU = Release|Any CPU
	EndGlobalSection
	GlobalSection(ProjectConfigurationPlatforms) = postSolution
		{952AA750-1DB0-490E-BA03-B6D312EAB148}.Debug|Any CPU.ActiveCfg = Debug|Any CPU
		{952AA750-1DB0-490E-BA03-B6D312EAB148}.Debug|Any CPU.Build.0 = Debug|Any CPU
		{952AA750-1DB0-490E-BA03-B6D312EAB148}.Release|Any CPU.ActiveCfg = Release|Any CPU
		{952AA750-1DB0-490E-BA03-B6D312EAB148}.Release|Any CPU.Build.0 = Release|Any CPU
		{4E8BE1A5-5E71-4646-A4BA-80B0BA72C448}.Debug|Any CPU.ActiveCfg = Debug|Any CPU
		{4E8BE1A5-5E71-4646-A4BA-80B0BA72C448}.Debug|Any CPU.Build.0 = Debug|Any CPU
		{4E8BE1A5-5E71-4646-A4BA-80B0BA72C448}.Release|Any CPU.ActiveCfg = Release|Any CPU
		{4E8BE1A5-5E71-4646-A4BA-80B0BA72C448}.Release|Any CPU.Build.0 = Release|Any CPU
		{5A0A0DE4-0450-4FA1-BF8A-3D7AA55687C4}.Debug|Any CPU.ActiveCfg = Debug|Any CPU
		{5A0A0DE4-0450-4FA1-BF8A-3D7AA55687C4}.Debug|Any CPU.Build.0 = Debug|Any CPU
		{5A0A0DE4-0450-4FA1-BF8A-3D7AA55687C4}.Release|Any CPU.ActiveCfg = Release|Any CPU
		{5A0A0DE4-0450-4FA1-BF8A-3D7AA55687C4}.Release|Any CPU.Build.0 = Release|Any CPU
		{03ADD2C5-C329-4E80-98B5-4E2F115E024A}.Debug|Any CPU.ActiveCfg = Debug|Any CPU
		{03ADD2C5-C329-4E80-98B5-4E2F115E024A}.Debug|Any CPU.Build.0 = Debug|Any CPU
		{03ADD2C5-C329-4E80-98B5-4E2F115E024A}.Release|Any CPU.ActiveCfg = Release|Any CPU
		{03ADD2C5-C329-4E80-98B5-4E2F115E024A}.Release|Any CPU.Build.0 = Release|Any CPU
		{FD9F5B59-5681-4010-997D-ECD37C9769BC}.Debug|Any CPU.ActiveCfg = Debug|Any CPU
		{FD9F5B59-5681-4010-997D-ECD37C9769BC}.Debug|Any CPU.Build.0 = Debug|Any CPU
		{FD9F5B59-5681-4010-997D-ECD37C9769BC}.Release|Any CPU.ActiveCfg = Release|Any CPU
		{FD9F5B59-5681-4010-997D-ECD37C9769BC}.Release|Any CPU.Build.0 = Release|Any CPU
		{A2E6653E-3148-4D1E-8E13-0F0B5958AF67}.Debug|Any CPU.ActiveCfg = Debug|Any CPU
		{A2E6653E-3148-4D1E-8E13-0F0B5958AF67}.Debug|Any CPU.Build.0 = Debug|Any CPU
		{A2E6653E-3148-4D1E-8E13-0F0B5958AF67}.Release|Any CPU.ActiveCfg = Release|Any CPU
		{A2E6653E-3148-4D1E-8E13-0F0B5958AF67}.Release|Any CPU.Build.0 = Release|Any CPU
		{EED354B9-9AD1-4635-87C7-EEFEBE1349B8}.Debug|Any CPU.ActiveCfg = Debug|Any CPU
		{EED354B9-9AD1-4635-87C7-EEFEBE1349B8}.Debug|Any CPU.Build.0 = Debug|Any CPU
		{EED354B9-9AD1-4635-87C7-EEFEBE1349B8}.Release|Any CPU.ActiveCfg = Release|Any CPU
		{EED354B9-9AD1-4635-87C7-EEFEBE1349B8}.Release|Any CPU.Build.0 = Release|Any CPU
		{CA853020-4FAC-45B0-B1D3-AEC59DC0AFFB}.Debug|Any CPU.ActiveCfg = Debug|Any CPU
		{CA853020-4FAC-45B0-B1D3-AEC59DC0AFFB}.Debug|Any CPU.Build.0 = Debug|Any CPU
		{CA853020-4FAC-45B0-B1D3-AEC59DC0AFFB}.Release|Any CPU.ActiveCfg = Release|Any CPU
		{CA853020-4FAC-45B0-B1D3-AEC59DC0AFFB}.Release|Any CPU.Build.0 = Release|Any CPU
	EndGlobalSection
	GlobalSection(SolutionProperties) = preSolution
		HideSolutionNode = FALSE
	EndGlobalSection
	GlobalSection(ExtensibilityGlobals) = postSolution
		SolutionGuid = {EE060931-75A8-4D97-BCD1-CEB070E0817C}
	EndGlobalSection
EndGlobal
